# This file is automatically @generated by Cargo.
# It is not intended for manual editing.
version = 4

[[package]]
name = "racc-app"
version = "0.1.0"

[[package]]
name = "racc-capture"
version = "0.1.0"

[[package]]
name = "racc-clipboard"
version = "0.1.0"

[[package]]
name = "racc-core"
version = "0.1.0"

[[package]]
name = "racc-decode"
version = "0.1.0"

[[package]]
name = "racc-encode"
version = "0.1.0"

[[package]]
name = "racc-host-agent"
version = "0.1.0"

[[package]]
name = "racc-identity"
version = "0.1.0"

[[package]]
name = "racc-input"
version = "0.1.0"

[[package]]
name = "racc-net"
version = "0.1.0"

[[package]]
name = "racc-proto"
version = "0.1.0"

[[package]]
name = "racc-session"
version = "0.1.0"

[[package]]
name = "racc-telemetry"
version = "0.1.0"

[[package]]
name = "racc-testkit"
version = "0.1.0"

[[package]]
name = "racc-topology"
version = "0.1.0"
