# This file is automatically @generated by Cargo.
# It is not intended for manual editing.
version = 4

[[package]]
name = "rd-app"
version = "0.1.0"

[[package]]
name = "rd-capture"
version = "0.1.0"

[[package]]
name = "rd-clipboard"
version = "0.1.0"

[[package]]
name = "rd-core"
version = "0.1.0"

[[package]]
name = "rd-decode"
version = "0.1.0"

[[package]]
name = "rd-encode"
version = "0.1.0"

[[package]]
name = "rd-host-agent"
version = "0.1.0"

[[package]]
name = "rd-identity"
version = "0.1.0"

[[package]]
name = "rd-input"
version = "0.1.0"

[[package]]
name = "rd-net"
version = "0.1.0"

[[package]]
name = "rd-proto"
version = "0.1.0"

[[package]]
name = "rd-session"
version = "0.1.0"

[[package]]
name = "rd-telemetry"
version = "0.1.0"

[[package]]
name = "rd-testkit"
version = "0.1.0"

[[package]]
name = "rd-topology"
version = "0.1.0"
